
Microsoft Visual Studio Solution File, Format Version 12.00
# Visual Studio Version 16
VisualStudioVersion = 16.0.31729.503
MinimumVisualStudioVersion = 10.0.40219.1
Project("{FAE04EC0-301F-11D3-BF4B-00C04F79EFBC}") = "FlatManager", "FlatManager\FlatManager.csproj", "{83D15CF2-443F-4014-B3BC-2F0BDB969C47}"
EndProject
Global
	GlobalSection(SolutionConfigurationPlatforms) = preSolution
		Debug|x86 = Debug|x86
		Release|x86 = Release|x86
	EndGlobalSection
	GlobalSection(ProjectConfigurationPlatforms) = postSolution
		{83D15CF2-443F-4014-B3BC-2F0BDB969C47}.Debug|x86.ActiveCfg = Debug|x86
		{83D15CF2-443F-4014-B3BC-2F0BDB969C47}.Debug|x86.Build.0 = Debug|x86
		{83D15CF2-443F-4014-B3BC-2F0BDB969C47}.Release|x86.ActiveCfg = Release|x86
		{83D15CF2-443F-4014-B3BC-2F0BDB969C47}.Release|x86.Build.0 = Release|x86
	EndGlobalSection
	GlobalSection(SolutionProperties) = preSolution
		HideSolutionNode = FALSE
	EndGlobalSection
	GlobalSection(ExtensibilityGlobals) = postSolution
		SolutionGuid = {1EBF1DC4-B1F8-49D1-AF5D-AAB6C52C80BD}
	EndGlobalSection
EndGlobal
